{
  "pins" : [
    {
      "identity" : "kingfisher",
      "kind" : "remoteSourceControl",
      "location" : "https://github.com/onevcat/Kingfisher.git",
      "state" : {
        "branch" : "master",
        "revision" : "3e091ee962391a2ddcae5b18e17bc625f9d88d6e"
      }
    },
    {
      "identity" : "resolver",
      "kind" : "remoteSourceControl",
      "location" : "https://github.com/hmlongco/Resolver.git",
      "state" : {
        "branch" : "master",
        "revision" : "c8cbb6b15bc9c4b7253e58387c35d6c18af4aa40"
      }
    }
  ],
  "version" : 2
}
